{
	"name": "@wwawing/build-utils",
	"version": "0.0.0",
	"lockfileVersion": 1,
	"requires": true,
	"dependencies": {
		"@types/node": {
			"version": "10.14.9",
			"resolved": "https://registry.npmjs.org/@types/node/-/node-10.14.9.tgz",
			"integrity": "sha512-NelG/dSahlXYtSoVPErrp06tYFrvzj8XLWmKA+X8x0W//4MqbUyZu++giUG/v0bjAT6/Qxa8IjodrfdACyb0Fg==",
			"dev": true
		},
		"typescript": {
			"version": "3.6.4",
			"resolved": "https://registry.npmjs.org/typescript/-/typescript-3.6.4.tgz",
			"integrity": "sha512-unoCll1+l+YK4i4F8f22TaNVPRHcD9PA3yCuZ8g5e0qGqlVlJ/8FSateOLLSagn+Yg5+ZwuPkL8LFUc0Jcvksg==",
			"dev": true
		}
	}
}
